{
    "_meta": {
        "hash": {
            "sha256": "1233b0fe21c63e5948fb1d728afe065fed9a964ab5f085354d339ec130217813"
        },
        "pipfile-spec": 6,
        "requires": {
            "python_version": "3.11"
        },
        "sources": [
            {
                "name": "pypi",
                "url": "https://pypi.org/simple",
                "verify_ssl": true
            }
        ]
    },
    "default": {
        "asgiref": {
            "hashes": [
                "sha256:59dcb51c272ad209d59bed5708a64a333083e86017d7fcdd67498eeab7784340",
                "sha256:fe386d1c2bff7259ea95929266d12a8cf9a8b5a1c2598402967d8792e7a7c094"
            ],
            "markers": "python_version >= '3.10'",
            "version": "==3.12.1"
        },
        "django": {
            "hashes": [
                "sha256:9d4d93be539a18ab80d058eb515900e10951e04c537c5a6b394fc49528d3251f",
                "sha256:f04fb3b36ee119e1af4fa1d397d5fd6cf12700f49321e84d4f4c642c5b1973db"
            ],
            "index": "pypi",
            "markers": "python_version >= '3.10'",
            "version": "==5.2.17"
        },
        "sqlparse": {
            "hashes": [
                "sha256:12a08b3bf3eec877c519589833aed092e2444e68240a3577e8e26148acc7b1ba",
                "sha256:e20d4a9b0b8585fdf63b10d30066c7c94c5d7a7ec47c889a2d83a3caa93ff28e"
            ],
            "markers": "python_version >= '3.8'",
            "version": "==0.5.5"
        },
        "tzdata": {
            "hashes": [
                "sha256:4a1518b8993086a7982523e071643f3c0e5f213e75b21318e78bcabfff9d1415",
                "sha256:dc096730c87af6cab1b171c9d532be840741ff5d459015e7f6947bd7d7e54931"
            ],
            "markers": "python_version >= '2'",
            "version": "==2026.3"
        }
    },
    "develop": {
        "asgiref": {
            "hashes": [
                "sha256:59dcb51c272ad209d59bed5708a64a333083e86017d7fcdd67498eeab7784340",
                "sha256:fe386d1c2bff7259ea95929266d12a8cf9a8b5a1c2598402967d8792e7a7c094"
            ],
            "markers": "python_version >= '3.10'",
            "version": "==3.12.1"
        },
        "django": {
            "hashes": [
                "sha256:9d4d93be539a18ab80d058eb515900e10951e04c537c5a6b394fc49528d3251f",
                "sha256:f04fb3b36ee119e1af4fa1d397d5fd6cf12700f49321e84d4f4c642c5b1973db"
            ],
            "index": "pypi",
            "markers": "python_version >= '3.10'",
            "version": "==5.2.17"
        },
        "django-stubs": {
            "hashes": [
                "sha256:63b23ccca2616d464ed7e37d1ce44960315cb3cecab75b23c928467ef125e560",
                "sha256:b6aecc5c738a103135f76ba160a6f75e3b27dcf0200c64d7226018cdbc2340dd"
            ],
            "index": "pypi",
            "markers": "python_version >= '3.11'",
            "version": "==6.1.0"
        },
        "django-stubs-ext": {
            "hashes": [
                "sha256:57273506823274700a707c8f404dfb52a12c4554daf1468dfb2bff857bb22074",
                "sha256:d5635a481f5bdf2e04d533a8b602d3b9a28f073deffc85b83048dd20032e4d20"
            ],
            "markers": "python_version >= '3.11'",
            "version": "==6.1.0"
        },
        "sqlparse": {
            "hashes": [
                "sha256:12a08b3bf3eec877c519589833aed092e2444e68240a3577e8e26148acc7b1ba",
                "sha256:e20d4a9b0b8585fdf63b10d30066c7c94c5d7a7ec47c889a2d83a3caa93ff28e"
            ],
            "markers": "python_version >= '3.8'",
            "version": "==0.5.5"
        },
        "types-pyyaml": {
            "hashes": [
                "sha256:3c1ce1bb73cd5ec02e90390c2b1f00e810d241d8825fd73ff359696839271b6b",
                "sha256:d57db930a4b2efbc57cf430ec8882765d246929432fa253092f383902329a453"
            ],
            "markers": "python_version >= '3.10'",
            "version": "==6.0.12.20260724"
        },
        "typing-extensions": {
            "hashes": [
                "sha256:481caa481374e813c1b176ada14e97f1f67a4539ce9cfeb3f350d78d6370c2e8",
                "sha256:dc983d19a509c94dba722ee6abd33940f7c05a89e243c47e907eb4db6f1a43e5"
            ],
            "markers": "python_version >= '3.9'",
            "version": "==4.16.0"
        },
        "tzdata": {
            "hashes": [
                "sha256:4a1518b8993086a7982523e071643f3c0e5f213e75b21318e78bcabfff9d1415",
                "sha256:dc096730c87af6cab1b171c9d532be840741ff5d459015e7f6947bd7d7e54931"
            ],
            "markers": "python_version >= '2'",
            "version": "==2026.3"
        }
    }
}
